
Microsoft Visual Studio Solution File, Format Version 12.00
# Visual Studio Version 17
VisualStudioVersion = 17.3.32929.385
MinimumVisualStudioVersion = 10.0.40219.1
Project("{9A19103F-16F7-4668-BE54-9A1E7A4F7556}") = "HSwebsite", "HSwebsite\HSwebsite.csproj", "{89140872-4EEF-4CB3-A281-7774681F7790}"
EndProject
Global
	GlobalSection(SolutionConfigurationPlatforms) = preSolution
		Debug|Any CPU = Debug|Any CPU
		Release|Any CPU = Release|Any CPU
	EndGlobalSection
	GlobalSection(ProjectConfigurationPlatforms) = postSolution
		{89140872-4EEF-4CB3-A281-7774681F7790}.Debug|Any CPU.ActiveCfg = Debug|Any CPU
		{89140872-4EEF-4CB3-A281-7774681F7790}.Debug|Any CPU.Build.0 = Debug|Any CPU
		{89140872-4EEF-4CB3-A281-7774681F7790}.Release|Any CPU.ActiveCfg = Release|Any CPU
		{89140872-4EEF-4CB3-A281-7774681F7790}.Release|Any CPU.Build.0 = Release|Any CPU
	EndGlobalSection
	GlobalSection(SolutionProperties) = preSolution
		HideSolutionNode = FALSE
	EndGlobalSection
	GlobalSection(ExtensibilityGlobals) = postSolution
		SolutionGuid = {9E090051-E571-441C-BDF2-F348935C4EAC}
	EndGlobalSection
EndGlobal
